[root]
name = "advent"
version = "0.1.0"
dependencies = [
 "md5 0.2.1 (registry+https://github.com/rust-lang/crates.io-index)",
]

[[package]]
name = "md5"
version = "0.2.1"
source = "registry+https://github.com/rust-lang/crates.io-index"

[metadata]
"checksum md5 0.2.1 (registry+https://github.com/rust-lang/crates.io-index)" = "7df230903ccdffd6b3b4ec21624498ea64c912ce50297846907f0b8e1bb249dd"
